// !$*UTF8*$!
{
	archiveVersion = 1;
	classes = {
	};
	objectVersion = 48;
	objects = {

/* Begin PBXBuildFile section */
		697EB709201EFEFD008B8AED /* AppDelegate.swift in Sources */ = {isa = PBXBuildFile; fileRef = 697EB708201EFEFD008B8AED /* AppDelegate.swift */; };
		697EB70B201EFEFD008B8AED /* ViewController.swift in Sources */ = {isa = PBXBuildFile; fileRef = 697EB70A201EFEFD008B8AED /* ViewController.swift */; };
		697EB70D201EFEFD008B8AED /* Assets.xcassets in Resources */ = {isa = PBXBuildFile; fileRef = 697EB70C201EFEFD008B8AED /* Assets.xcassets */; };
		697EB710201EFEFD008B8AED /* Main.storyboard in Resources */ = {isa = PBXBuildFile; fileRef = 697EB70E201EFEFD008B8AED /* Main.storyboard */; };
		697EB719201EFF9F008B8AED /* CustomCellView.swift in Sources */ = {isa = PBXBuildFile; fileRef = 697EB718201EFF9F008B8AED /* CustomCellView.swift */; };
/* End PBXBuildFile section */

/* Begin PBXFileReference section */
		697EB705201EFEFD008B8AED /* NSCollectionViewAutoLayout.app */ = {isa = PBXFileReference; explicitFileType = wrapper.application; includeInIndex = 0; path = NSCollectionViewAutoLayout.app; sourceTree = BUILT_PRODUCTS_DIR; };
		697EB708201EFEFD008B8AED /* AppDelegate.swift */ = {isa = PBXFileReference; lastKnownFileType = sourcecode.swift; path = AppDelegate.swift; sourceTree = "<group>"; };
		697EB70A201EFEFD008B8AED /* ViewController.swift */ = {isa = PBXFileReference; lastKnownFileType = sourcecode.swift; path = ViewController.swift; sourceTree = "<group>"; };
		697EB70C201EFEFD008B8AED /* Assets.xcassets */ = {isa = PBXFileReference; lastKnownFileType = folder.assetcatalog; path = Assets.xcassets; sourceTree = "<group>"; };
		697EB70F201EFEFD008B8AED /* Base */ = {isa = PBXFileReference; lastKnownFileType = file.storyboard; name = Base; path = Base.lproj/Main.storyboard; sourceTree = "<group>"; };
		697EB711201EFEFD008B8AED /* Info.plist */ = {isa = PBXFileReference; lastKnownFileType = text.plist.xml; path = Info.plist; sourceTree = "<group>"; };
		697EB712201EFEFD008B8AED /* NSCollectionViewAutoLayout.entitlements */ = {isa = PBXFileReference; lastKnownFileType = text.plist.entitlements; path = NSCollectionViewAutoLayout.entitlements; sourceTree = "<group>"; };
		697EB718201EFF9F008B8AED /* CustomCellView.swift */ = {isa = PBXFileReference; lastKnownFileType = sourcecode.swift; path = CustomCellView.swift; sourceTree = "<group>"; };
/* End PBXFileReference section */

/* Begin PBXFrameworksBuildPhase section */
		697EB702201EFEFD008B8AED /* Frameworks */ = {
			isa = PBXFrameworksBuildPhase;
			buildActionMask = 2147483647;
			files = (
			);
			runOnlyForDeploymentPostprocessing = 0;
		};
/* End PBXFrameworksBuildPhase section */

/* Begin PBXGroup section */
		697EB6FC201EFEFD008B8AED = {
			isa = PBXGroup;
			children = (
				697EB707201EFEFD008B8AED /* NSCollectionViewAutoLayout */,
				697EB706201EFEFD008B8AED /* Products */,
			);
			sourceTree = "<group>";
		};
		697EB706201EFEFD008B8AED /* Products */ = {
			isa = PBXGroup;
			children = (
				697EB705201EFEFD008B8AED /* NSCollectionViewAutoLayout.app */,
			);
			name = Products;
			sourceTree = "<group>";
		};
		697EB707201EFEFD008B8AED /* NSCollectionViewAutoLayout */ = {
			isa = PBXGroup;
			children = (
				697EB708201EFEFD008B8AED /* AppDelegate.swift */,
				697EB70A201EFEFD008B8AED /* ViewController.swift */,
				697EB718201EFF9F008B8AED /* CustomCellView.swift */,
				697EB70C201EFEFD008B8AED /* Assets.xcassets */,
				697EB70E201EFEFD008B8AED /* Main.storyboard */,
				697EB711201EFEFD008B8AED /* Info.plist */,
				697EB712201EFEFD008B8AED /* NSCollectionViewAutoLayout.entitlements */,
			);
			path = NSCollectionViewAutoLayout;
			sourceTree = "<group>";
		};
/* End PBXGroup section */

/* Begin PBXNativeTarget section */
		697EB704201EFEFD008B8AED /* NSCollectionViewAutoLayout */ = {
			isa = PBXNativeTarget;
			buildConfigurationList = 697EB715201EFEFD008B8AED /* Build configuration list for PBXNativeTarget "NSCollectionViewAutoLayout" */;
			buildPhases = (
				697EB701201EFEFD008B8AED /* Sources */,
				697EB702201EFEFD008B8AED /* Frameworks */,
				697EB703201EFEFD008B8AED /* Resources */,
			);
			buildRules = (
			);
			dependencies = (
			);
			name = NSCollectionViewAutoLayout;
			productName = NSCollectionViewAutoLayout;
			productReference = 697EB705201EFEFD008B8AED /* NSCollectionViewAutoLayout.app */;
			productType = "com.apple.product-type.application";
		};
/* End PBXNativeTarget section */

/* Begin PBXProject section */
		697EB6FD201EFEFD008B8AED /* Project object */ = {
			isa = PBXProject;
			attributes = {
				LastSwiftUpdateCheck = 0920;
				LastUpgradeCheck = 0920;
				ORGANIZATIONNAME = sycf_ios;
				TargetAttributes = {
					697EB704201EFEFD008B8AED = {
						CreatedOnToolsVersion = 9.2;
						ProvisioningStyle = Automatic;
					};
				};
			};
			buildConfigurationList = 697EB700201EFEFD008B8AED /* Build configuration list for PBXProject "NSCollectionViewAutoLayout" */;
			compatibilityVersion = "Xcode 8.0";
			developmentRegion = en;
			hasScannedForEncodings = 0;
			knownRegions = (
				en,
				Base,
			);
			mainGroup = 697EB6FC201EFEFD008B8AED;
			productRefGroup = 697EB706201EFEFD008B8AED /* Products */;
			projectDirPath = "";
			projectRoot = "";
			targets = (
				697EB704201EFEFD008B8AED /* NSCollectionViewAutoLayout */,
			);
		};
/* End PBXProject section */

/* Begin PBXResourcesBuildPhase section */
		697EB703201EFEFD008B8AED /* Resources */ = {
			isa = PBXResourcesBuildPhase;
			buildActionMask = 2147483647;
			files = (
				697EB70D201EFEFD008B8AED /* Assets.xcassets in Resources */,
				697EB710201EFEFD008B8AED /* Main.storyboard in Resources */,
			);
			runOnlyForDeploymentPostprocessing = 0;
		};
/* End PBXResourcesBuildPhase section */

/* Begin PBXSourcesBuildPhase section */
		697EB701201EFEFD008B8AED /* Sources */ = {
			isa = PBXSourcesBuildPhase;
			buildActionMask = 2147483647;
			files = (
				697EB70B201EFEFD008B8AED /* ViewController.swift in Sources */,
				697EB719201EFF9F008B8AED /* CustomCellView.swift in Sources */,
				697EB709201EFEFD008B8AED /* AppDelegate.swift in Sources */,
			);
			runOnlyForDeploymentPostprocessing = 0;
		};
/* End PBXSourcesBuildPhase section */

/* Begin PBXVariantGroup section */
		697EB70E201EFEFD008B8AED /* Main.storyboard */ = {
			isa = PBXVariantGroup;
			children = (
				697EB70F201EFEFD008B8AED /* Base */,
			);
			name = Main.storyboard;
			sourceTree = "<group>";
		};
/* End PBXVariantGroup section */

/* Begin XCBuildConfiguration section */
		697EB713201EFEFD008B8AED /* Debug */ = {
			isa = XCBuildConfiguration;
			buildSettings = {
				ALWAYS_SEARCH_USER_PATHS = NO;
				CLANG_ANALYZER_NONNULL = YES;
				CLANG_ANALYZER_NUMBER_OBJECT_CONVERSION = YES_AGGRESSIVE;
				CLANG_CXX_LANGUAGE_STANDARD = "gnu++14";
				CLANG_CXX_LIBRARY = "libc++";
				CLANG_ENABLE_MODULES = YES;
				CLANG_ENABLE_OBJC_ARC = YES;
				CLANG_WARN_BLOCK_CAPTURE_AUTORELEASING = YES;
				CLANG_WARN_BOOL_CONVERSION = YES;
				CLANG_WARN_COMMA = YES;
				CLANG_WARN_CONSTANT_CONVERSION = YES;
				CLANG_WARN_DIRECT_OBJC_ISA_USAGE = YES_ERROR;
				CLANG_WARN_DOCUMENTATION_COMMENTS = YES;
				CLANG_WARN_EMPTY_BODY = YES;
				CLANG_WARN_ENUM_CONVERSION = YES;
				CLANG_WARN_INFINITE_RECURSION = YES;
				CLANG_WARN_INT_CONVERSION = YES;
				CLANG_WARN_NON_LITERAL_NULL_CONVERSION = YES;
				CLANG_WARN_OBJC_LITERAL_CONVERSION = YES;
				CLANG_WARN_OBJC_ROOT_CLASS = YES_ERROR;
				CLANG_WARN_RANGE_LOOP_ANALYSIS = YES;
				CLANG_WARN_STRICT_PROTOTYPES = YES;
				CLANG_WARN_SUSPICIOUS_MOVE = YES;
				CLANG_WARN_UNGUARDED_AVAILABILITY = YES_AGGRESSIVE;
				CLANG_WARN_UNREACHABLE_CODE = YES;
				CLANG_WARN__DUPLICATE_METHOD_MATCH = YES;
				CODE_SIGN_IDENTITY = "-";
				COPY_PHASE_STRIP = NO;
				DEBUG_INFORMATION_FORMAT = dwarf;
				ENABLE_STRICT_OBJC_MSGSEND = YES;
				ENABLE_TESTABILITY = YES;
				GCC_C_LANGUAGE_STANDARD = gnu11;
				GCC_DYNAMIC_NO_PIC = NO;
				GCC_NO_COMMON_BLOCKS = YES;
				GCC_OPTIMIZATION_LEVEL = 0;
				GCC_PREPROCESSOR_DEFINITIONS = (
					"DEBUG=1",
					"$(inherited)",
				);
				GCC_WARN_64_TO_32_BIT_CONVERSION = YES;
				GCC_WARN_ABOUT_RETURN_TYPE = YES_ERROR;
				GCC_WARN_UNDECLARED_SELECTOR = YES;
				GCC_WARN_UNINITIALIZED_AUTOS = YES_AGGRESSIVE;
				GCC_WARN_UNUSED_FUNCTION = YES;
				GCC_WARN_UNUSED_VARIABLE = YES;
				MACOSX_DEPLOYMENT_TARGET = 10.13;
				MTL_ENABLE_DEBUG_INFO = YES;
				ONLY_ACTIVE_ARCH = YES;
				SDKROOT = macosx;
				SWIFT_ACTIVE_COMPILATION_CONDITIONS = DEBUG;
				SWIFT_OPTIMIZATION_LEVEL = "-Onone";
			};
			name = Debug;
		};
		697EB714201EFEFD008B8AED /* Release */ = {
			isa = XCBuildConfiguration;
			buildSettings = {
				ALWAYS_SEARCH_USER_PATHS = NO;
				CLANG_ANALYZER_NONNULL = YES;
				CLANG_ANALYZER_NUMBER_OBJECT_CONVERSION = YES_AGGRESSIVE;
				CLANG_CXX_LANGUAGE_STANDARD = "gnu++14";
				CLANG_CXX_LIBRARY = "libc++";
				CLANG_ENABLE_MODULES = YES;
				CLANG_ENABLE_OBJC_ARC = YES;
				CLANG_WARN_BLOCK_CAPTURE_AUTORELEASING = YES;
				CLANG_WARN_BOOL_CONVERSION = YES;
				CLANG_WARN_COMMA = YES;
				CLANG_WARN_CONSTANT_CONVERSION = YES;
				CLANG_WARN_DIRECT_OBJC_ISA_USAGE = YES_ERROR;
				CLANG_WARN_DOCUMENTATION_COMMENTS = YES;
				CLANG_WARN_EMPTY_BODY = YES;
				CLANG_WARN_ENUM_CONVERSION = YES;
				CLANG_WARN_INFINITE_RECURSION = YES;
				CLANG_WARN_INT_CONVERSION = YES;
				CLANG_WARN_NON_LITERAL_NULL_CONVERSION = YES;
				CLANG_WARN_OBJC_LITERAL_CONVERSION = YES;
				CLANG_WARN_OBJC_ROOT_CLASS = YES_ERROR;
				CLANG_WARN_RANGE_LOOP_ANALYSIS = YES;
				CLANG_WARN_STRICT_PROTOTYPES = YES;
				CLANG_WARN_SUSPICIOUS_MOVE = YES;
				CLANG_WARN_UNGUARDED_AVAILABILITY = YES_AGGRESSIVE;
				CLANG_WARN_UNREACHABLE_CODE = YES;
				CLANG_WARN__DUPLICATE_METHOD_MATCH = YES;
				CODE_SIGN_IDENTITY = "-";
				COPY_PHASE_STRIP = NO;
				DEBUG_INFORMATION_FORMAT = "dwarf-with-dsym";
				ENABLE_NS_ASSERTIONS = NO;
				ENABLE_STRICT_OBJC_MSGSEND = YES;
				GCC_C_LANGUAGE_STANDARD = gnu11;
				GCC_NO_COMMON_BLOCKS = YES;
				GCC_WARN_64_TO_32_BIT_CONVERSION = YES;
				GCC_WARN_ABOUT_RETURN_TYPE = YES_ERROR;
				GCC_WARN_UNDECLARED_SELECTOR = YES;
				GCC_WARN_UNINITIALIZED_AUTOS = YES_AGGRESSIVE;
				GCC_WARN_UNUSED_FUNCTION = YES;
				GCC_WARN_UNUSED_VARIABLE = YES;
				MACOSX_DEPLOYMENT_TARGET = 10.13;
				MTL_ENABLE_DEBUG_INFO = NO;
				SDKROOT = macosx;
				SWIFT_OPTIMIZATION_LEVEL = "-Owholemodule";
			};
			name = Release;
		};
		697EB716201EFEFD008B8AED /* Debug */ = {
			isa = XCBuildConfiguration;
			buildSettings = {
				ASSETCATALOG_COMPILER_APPICON_NAME = AppIcon;
				CODE_SIGN_ENTITLEMENTS = NSCollectionViewAutoLayout/NSCollectionViewAutoLayout.entitlements;
				CODE_SIGN_STYLE = Automatic;
				COMBINE_HIDPI_IMAGES = YES;
				INFOPLIST_FILE = NSCollectionViewAutoLayout/Info.plist;
				LD_RUNPATH_SEARCH_PATHS = "$(inherited) @executable_path/../Frameworks";
				MACOSX_DEPLOYMENT_TARGET = 10.10;
				PRODUCT_BUNDLE_IDENTIFIER = com.sb.NSCollectionViewAutoLayout;
				PRODUCT_NAME = "$(TARGET_NAME)";
				SWIFT_VERSION = 4.0;
			};
			name = Debug;
		};
		697EB717201EFEFD008B8AED /* Release */ = {
			isa = XCBuildConfiguration;
			buildSettings = {
				ASSETCATALOG_COMPILER_APPICON_NAME = AppIcon;
				CODE_SIGN_ENTITLEMENTS = NSCollectionViewAutoLayout/NSCollectionViewAutoLayout.entitlements;
				CODE_SIGN_STYLE = Automatic;
				COMBINE_HIDPI_IMAGES = YES;
				INFOPLIST_FILE = NSCollectionViewAutoLayout/Info.plist;
				LD_RUNPATH_SEARCH_PATHS = "$(inherited) @executable_path/../Frameworks";
				MACOSX_DEPLOYMENT_TARGET = 10.10;
				PRODUCT_BUNDLE_IDENTIFIER = com.sb.NSCollectionViewAutoLayout;
				PRODUCT_NAME = "$(TARGET_NAME)";
				SWIFT_VERSION = 4.0;
			};
			name = Release;
		};
/* End XCBuildConfiguration section */

/* Begin XCConfigurationList section */
		697EB700201EFEFD008B8AED /* Build configuration list for PBXProject "NSCollectionViewAutoLayout" */ = {
			isa = XCConfigurationList;
			buildConfigurations = (
				697EB713201EFEFD008B8AED /* Debug */,
				697EB714201EFEFD008B8AED /* Release */,
			);
			defaultConfigurationIsVisible = 0;
			defaultConfigurationName = Release;
		};
		697EB715201EFEFD008B8AED /* Build configuration list for PBXNativeTarget "NSCollectionViewAutoLayout" */ = {
			isa = XCConfigurationList;
			buildConfigurations = (
				697EB716201EFEFD008B8AED /* Debug */,
				697EB717201EFEFD008B8AED /* Release */,
			);
			defaultConfigurationIsVisible = 0;
			defaultConfigurationName = Release;
		};
/* End XCConfigurationList section */
	};
	rootObject = 697EB6FD201EFEFD008B8AED /* Project object */;
}
